<?xml version="1.0" encoding="utf-8"?>
<Project ToolsVersion="4.0" xmlns="http://schemas.microsoft.com/developer/msbuild/2003">
  <ItemGroup>
    <Filter Include="Pixelyn">
      <UniqueIdentifier>{EEFD940F-5ADD-13AB-63F5-9E81CF537A0C}</UniqueIdentifier>
    </Filter>
    <Filter Include="Pixelyn\Events">
      <UniqueIdentifier>{12F21FC1-FEBF-13C7-E753-84EDD3C0EF2B}</UniqueIdentifier>
    </Filter>
    <Filter Include="Pixelyn\Platform">
      <UniqueIdentifier>{02C602A5-EEBE-21F7-17F1-067C03490103}</UniqueIdentifier>
    </Filter>
    <Filter Include="Pixelyn\Platform\Window">
      <UniqueIdentifier>{A9BC7766-15F4-BFFD-1EFE-23218AB4E6F6}</UniqueIdentifier>
    </Filter>
  </ItemGroup>
  <ItemGroup>
    <ClInclude Include="src\Pixelyn.h" />
    <ClInclude Include="src\Pixelyn\Application.h">
      <Filter>Pixelyn</Filter>
    </ClInclude>
    <ClInclude Include="src\Pixelyn\Core.h">
      <Filter>Pixelyn</Filter>
    </ClInclude>
    <ClInclude Include="src\Pixelyn\EntryPoint.h">
      <Filter>Pixelyn</Filter>
    </ClInclude>
    <ClInclude Include="src\Pixelyn\Events\ApplicationEvent.h">
      <Filter>Pixelyn\Events</Filter>
    </ClInclude>
    <ClInclude Include="src\Pixelyn\Events\Event.h">
      <Filter>Pixelyn\Events</Filter>
    </ClInclude>
    <ClInclude Include="src\Pixelyn\Events\KeyEvent.h">
      <Filter>Pixelyn\Events</Filter>
    </ClInclude>
    <ClInclude Include="src\Pixelyn\Events\MouseEvent.h">
      <Filter>Pixelyn\Events</Filter>
    </ClInclude>
    <ClInclude Include="src\Pixelyn\Layer.h">
      <Filter>Pixelyn</Filter>
    </ClInclude>
    <ClInclude Include="src\Pixelyn\LayerStack.h">
      <Filter>Pixelyn</Filter>
    </ClInclude>
    <ClInclude Include="src\Pixelyn\Log.h">
      <Filter>Pixelyn</Filter>
    </ClInclude>
    <ClInclude Include="src\Pixelyn\Platform\Window\WindowsWindow.h">
      <Filter>Pixelyn\Platform\Window</Filter>
    </ClInclude>
    <ClInclude Include="src\Pixelyn\Window.h">
      <Filter>Pixelyn</Filter>
    </ClInclude>
    <ClInclude Include="src\pxpch.h" />
  </ItemGroup>
  <ItemGroup>
    <ClCompile Include="src\Pixelyn\Application.cpp">
      <Filter>Pixelyn</Filter>
    </ClCompile>
    <ClCompile Include="src\Pixelyn\Layer.cpp">
      <Filter>Pixelyn</Filter>
    </ClCompile>
    <ClCompile Include="src\Pixelyn\LayerStack.cpp">
      <Filter>Pixelyn</Filter>
    </ClCompile>
    <ClCompile Include="src\Pixelyn\Log.cpp">
      <Filter>Pixelyn</Filter>
    </ClCompile>
    <ClCompile Include="src\Pixelyn\Platform\Window\WindowsWindow.cpp">
      <Filter>Pixelyn\Platform\Window</Filter>
    </ClCompile>
    <ClCompile Include="src\pxpch.cpp" />
  </ItemGroup>
</Project>